lockfileVersion: '9.0'

settings:
  autoInstallPeers: true
  excludeLinksFromLockfile: false

importers:

  .:
    dependencies:
      '@hookform/resolvers':
        specifier: ^3.9.0
        version: 3.10.0(react-hook-form@7.65.0(react@19.0.0))
      '@radix-ui/react-accordion':
        specifier: ^1.2.1
        version: 1.2.12(@types/react-dom@19.2.2(@types/react@19.2.2))(@types/react@19.2.2)(react-dom@19.0.0(react@19.0.0))(react@19.0.0)
      '@radix-ui/react-alert-dialog':
        specifier: ^1.1.1
        version: 1.1.15(@types/react-dom@19.2.2(@types/react@19.2.2))(@types/react@19.2.2)(react-dom@19.0.0(react@19.0.0))(react@19.0.0)
      '@radix-ui/react-aspect-ratio':
        specifier: ^1.1.0
        version: 1.1.7(@types/react-dom@19.2.2(@types/react@19.2.2))(@types/react@19.2.2)(react-dom@19.0.0(react@19.0.0))(react@19.0.0)
      '@radix-ui/react-avatar':
        specifier: ^1.1.0
        version: 1.1.10(@types/react-dom@19.2.2(@types/react@19.2.2))(@types/react@19.2.2)(react-dom@19.0.0(react@19.0.0))(react@19.0.0)
      '@radix-ui/react-checkbox':
        specifier: ^1.1.1
        version: 1.3.3(@types/react-dom@19.2.2(@types/react@19.2.2))(@types/react@19.2.2)(react-dom@19.0.0(react@19.0.0))(react@19.0.0)
      '@radix-ui/react-collapsible':
        specifier: ^1.1.0
        version: 1.1.12(@types/react-dom@19.2.2(@types/react@19.2.2))(@types/react@19.2.2)(react-dom@19.0.0(react@19.0.0))(react@19.0.0)
      '@radix-ui/react-context-menu':
        specifier: ^2.2.1
        version: 2.2.16(@types/react-dom@19.2.2(@types/react@19.2.2))(@types/react@19.2.2)(react-dom@19.0.0(react@19.0.0))(react@19.0.0)
      '@radix-ui/react-dialog':
        specifier: ^1.1.1
        version: 1.1.15(@types/react-dom@19.2.2(@types/react@19.2.2))(@types/react@19.2.2)(react-dom@19.0.0(react@19.0.0))(react@19.0.0)
      '@radix-ui/react-dropdown-menu':
        specifier: ^2.1.1
        version: 2.1.16(@types/react-dom@19.2.2(@types/react@19.2.2))(@types/react@19.2.2)(react-dom@19.0.0(react@19.0.0))(react@19.0.0)
      '@radix-ui/react-hover-card':
        specifier: ^1.1.1
        version: 1.1.15(@types/react-dom@19.2.2(@types/react@19.2.2))(@types/react@19.2.2)(react-dom@19.0.0(react@19.0.0))(react@19.0.0)
      '@radix-ui/react-label':
        specifier: ^2.1.0
        version: 2.1.7(@types/react-dom@19.2.2(@types/react@19.2.2))(@types/react@19.2.2)(react-dom@19.0.0(react@19.0.0))(react@19.0.0)
      '@radix-ui/react-menubar':
        specifier: ^1.1.1
        version: 1.1.16(@types/react-dom@19.2.2(@types/react@19.2.2))(@types/react@19.2.2)(react-dom@19.0.0(react@19.0.0))(react@19.0.0)
      '@radix-ui/react-navigation-menu':
        specifier: ^1.2.1
        version: 1.2.14(@types/react-dom@19.2.2(@types/react@19.2.2))(@types/react@19.2.2)(react-dom@19.0.0(react@19.0.0))(react@19.0.0)
      '@radix-ui/react-popover':
        specifier: ^1.1.1
        version: 1.1.15(@types/react-dom@19.2.2(@types/react@19.2.2))(@types/react@19.2.2)(react-dom@19.0.0(react@19.0.0))(react@19.0.0)
      '@radix-ui/react-progress':
        specifier: ^1.1.0
        version: 1.1.7(@types/react-dom@19.2.2(@types/react@19.2.2))(@types/react@19.2.2)(react-dom@19.0.0(react@19.0.0))(react@19.0.0)
      '@radix-ui/react-radio-group':
        specifier: ^1.2.0
        version: 1.3.8(@types/react-dom@19.2.2(@types/react@19.2.2))(@types/react@19.2.2)(react-dom@19.0.0(react@19.0.0))(react@19.0.0)
      '@radix-ui/react-scroll-area':
        specifier: ^1.2.1
        version: 1.2.10(@types/react-dom@19.2.2(@types/react@19.2.2))(@types/react@19.2.2)(react-dom@19.0.0(react@19.0.0))(react@19.0.0)
      '@radix-ui/react-select':
        specifier: ^2.1.1
        version: 2.2.6(@types/react-dom@19.2.2(@types/react@19.2.2))(@types/react@19.2.2)(react-dom@19.0.0(react@19.0.0))(react@19.0.0)
      '@radix-ui/react-separator':
        specifier: ^1.1.0
        version: 1.1.7(@types/react-dom@19.2.2(@types/react@19.2.2))(@types/react@19.2.2)(react-dom@19.0.0(react@19.0.0))(react@19.0.0)
      '@radix-ui/react-slider':
        specifier: ^1.2.0
        version: 1.3.6(@types/react-dom@19.2.2(@types/react@19.2.2))(@types/react@19.2.2)(react-dom@19.0.0(react@19.0.0))(react@19.0.0)
      '@radix-ui/react-slot':
        specifier: ^1.1.0
        version: 1.2.3(@types/react@19.2.2)(react@19.0.0)
      '@radix-ui/react-switch':
        specifier: ^1.1.1
        version: 1.2.6(@types/react-dom@19.2.2(@types/react@19.2.2))(@types/react@19.2.2)(react-dom@19.0.0(react@19.0.0))(react@19.0.0)
      '@radix-ui/react-tabs':
        specifier: ^1.1.1
        version: 1.1.13(@types/react-dom@19.2.2(@types/react@19.2.2))(@types/react@19.2.2)(react-dom@19.0.0(react@19.0.0))(react@19.0.0)
      '@radix-ui/react-toast':
        specifier: ^1.2.1
        version: 1.2.15(@types/react-dom@19.2.2(@types/react@19.2.2))(@types/react@19.2.2)(react-dom@19.0.0(react@19.0.0))(react@19.0.0)
      '@radix-ui/react-toggle':
        specifier: ^1.1.0
        version: 1.1.10(@types/react-dom@19.2.2(@types/react@19.2.2))(@types/react@19.2.2)(react-dom@19.0.0(react@19.0.0))(react@19.0.0)
      '@radix-ui/react-toggle-group':
        specifier: ^1.1.0
        version: 1.1.11(@types/react-dom@19.2.2(@types/react@19.2.2))(@types/react@19.2.2)(react-dom@19.0.0(react@19.0.0))(react@19.0.0)
      '@radix-ui/react-tooltip':
        specifier: ^1.1.2
        version: 1.2.8(@types/react-dom@19.2.2(@types/react@19.2.2))(@types/react@19.2.2)(react-dom@19.0.0(react@19.0.0))(react@19.0.0)
      '@tailwindcss/postcss':
        specifier: ^4.0.0
        version: 4.1.14
      autoprefixer:
        specifier: ^10.4.20
        version: 10.4.21(postcss@8.5.6)
      class-variance-authority:
        specifier: ^0.7.0
        version: 0.7.1
      classnames:
        specifier: ^2.5.1
        version: 2.5.1
      geist:
        specifier: ^1.2.2
        version: 1.5.1(next@15.2.4(react-dom@19.0.0(react@19.0.0))(react@19.0.0))
      lucide-react:
        specifier: ^0.460.0
        version: 0.460.0(react@19.0.0)
      next:
        specifier: 15.2.4
        version: 15.2.4(react-dom@19.0.0(react@19.0.0))(react@19.0.0)
      next-themes:
        specifier: ^0.4.4
        version: 0.4.6(react-dom@19.0.0(react@19.0.0))(react@19.0.0)
      postcss:
        specifier: ^8.4.47
        version: 8.5.6
      react:
        specifier: 19.0.0
        version: 19.0.0
      react-dom:
        specifier: 19.0.0
        version: 19.0.0(react@19.0.0)
      react-hook-form:
        specifier: ^7.53.0
        version: 7.65.0(react@19.0.0)
      recharts:
        specifier: ^2.14.1
        version: 2.15.4(react-dom@19.0.0(react@19.0.0))(react@19.0.0)
      sonner:
        specifier: ^1.5.0
        version: 1.7.4(react-dom@19.0.0(react@19.0.0))(react@19.0.0)
      tailwind-merge:
        specifier: ^2.3.0
        version: 2.6.0
      tailwindcss:
        specifier: ^4.0.0
        version: 4.1.14
      xlsx:
        specifier: ^0.18.5
        version: 0.18.5
      zod:
        specifier: ^3.23.8
        version: 3.25.76
    devDependencies:
      '@types/node':
        specifier: ^20.11.30
        version: 20.19.21
      '@types/react':
        specifier: ^19.0.2
        version: 19.2.2
      '@types/react-dom':
        specifier: ^19.0.2
        version: 19.2.2(@types/react@19.2.2)
      eslint:
        specifier: ^9.13.0
        version: 9.37.0(jiti@2.6.1)
      eslint-config-next:
        specifier: ^15.2.4
        version: 15.5.5(eslint@9.37.0(jiti@2.6.1))(typescript@5.9.3)
      typescript:
        specifier: ^5.6.3
        version: 5.9.3

packages:

  '@alloc/quick-lru@5.2.0':
    resolution: {integrity: sha512-UrcABB+4bUrFABwbluTIBErXwvbsU/V7TZWfmbgJfbkwiBuziS9gxdODUyuiecfdGQ85jglMW6juS3+z5TsKLw==}
    engines: {node: '>=10'}

  '@babel/runtime@7.28.4':
    resolution: {integrity: sha512-Q/N6JNWvIvPnLDvjlE1OUBLPQHH6l3CltCEsHIujp45zQUSSh8K+gHnaEX45yAT1nyngnINhvWtzN+Nb9D8RAQ==}
    engines: {node: '>=6.9.0'}

  '@emnapi/core@1.5.0':
    resolution: {integrity: sha512-sbP8GzB1WDzacS8fgNPpHlp6C9VZe+SJP3F90W9rLemaQj2PzIuTEl1qDOYQf58YIpyjViI24y9aPWCjEzY2cg==}

  '@emnapi/runtime@1.5.0':
    resolution: {integrity: sha512-97/BJ3iXHww3djw6hYIfErCZFee7qCtrneuLa20UXFCOTCfBM2cvQHjWJ2EG0s0MtdNwInarqCTz35i4wWXHsQ==}

  '@emnapi/wasi-threads@1.1.0':
    resolution: {integrity: sha512-WI0DdZ8xFSbgMjR1sFsKABJ/C5OnRrjT06JXbZKexJGrDuPTzZdDYfFlsgcCXCyf+suG5QU2e/y1Wo2V/OapLQ==}

  '@eslint-community/eslint-utils@4.9.0':
    resolution: {integrity: sha512-ayVFHdtZ+hsq1t2Dy24wCmGXGe4q9Gu3smhLYALJrr473ZH27MsnSL+LKUlimp4BWJqMDMLmPpx/Q9R3OAlL4g==}
    engines: {node: ^12.22.0 || ^14.17.0 || >=16.0.0}
    peerDependencies:
      eslint: ^6.0.0 || ^7.0.0 || >=8.0.0

  '@eslint-community/regexpp@4.12.1':
    resolution: {integrity: sha512-CCZCDJuduB9OUkFkY2IgppNZMi2lBQgD2qzwXkEia16cge2pijY/aXi96CJMquDMn3nJdlPV1A5KrJEXwfLNzQ==}
    engines: {node: ^12.0.0 || ^14.0.0 || >=16.0.0}

  '@eslint/config-array@0.21.0':
    resolution: {integrity: sha512-ENIdc4iLu0d93HeYirvKmrzshzofPw6VkZRKQGe9Nv46ZnWUzcF1xV01dcvEg/1wXUR61OmmlSfyeyO7EvjLxQ==}
    engines: {node: ^18.18.0 || ^20.9.0 || >=21.1.0}

  '@eslint/config-helpers@0.4.0':
    resolution: {integrity: sha512-WUFvV4WoIwW8Bv0KeKCIIEgdSiFOsulyN0xrMu+7z43q/hkOLXjvb5u7UC9jDxvRzcrbEmuZBX5yJZz1741jog==}